// !$*UTF8*$!
{
	archiveVersion = 1;
	classes = {
	};
	objectVersion = 56;
	objects = {

/* Begin PBXBuildFile section */
		7535C5322966C0B60026EEDC /* AppDelegate.swift in Sources */ = {isa = PBXBuildFile; fileRef = 7535C5312966C0B60026EEDC /* AppDelegate.swift */; };
		7535C5342966C0B60026EEDC /* SceneDelegate.swift in Sources */ = {isa = PBXBuildFile; fileRef = 7535C5332966C0B60026EEDC /* SceneDelegate.swift */; };
		7535C5362966C0B60026EEDC /* ProductListViewController.swift in Sources */ = {isa = PBXBuildFile; fileRef = 7535C5352966C0B60026EEDC /* ProductListViewController.swift */; };
		7535C53B2966C0B70026EEDC /* Assets.xcassets in Resources */ = {isa = PBXBuildFile; fileRef = 7535C53A2966C0B70026EEDC /* Assets.xcassets */; };
		7535C53E2966C0B70026EEDC /* LaunchScreen.storyboard in Resources */ = {isa = PBXBuildFile; fileRef = 7535C53C2966C0B70026EEDC /* LaunchScreen.storyboard */; };
		7535C5492966C0B70026EEDC /* ecomerceDummyTests.swift in Sources */ = {isa = PBXBuildFile; fileRef = 7535C5482966C0B70026EEDC /* ecomerceDummyTests.swift */; };
		7535C5532966C0B70026EEDC /* ecomerceDummyUITests.swift in Sources */ = {isa = PBXBuildFile; fileRef = 7535C5522966C0B70026EEDC /* ecomerceDummyUITests.swift */; };
		7535C5552966C0B70026EEDC /* ecomerceDummyUITestsLaunchTests.swift in Sources */ = {isa = PBXBuildFile; fileRef = 7535C5542966C0B70026EEDC /* ecomerceDummyUITestsLaunchTests.swift */; };
		7535C56B2966C3AC0026EEDC /* ProductModel.swift in Sources */ = {isa = PBXBuildFile; fileRef = 7535C56A2966C3AC0026EEDC /* ProductModel.swift */; };
		7535C56D2966C45A0026EEDC /* ApiManager.swift in Sources */ = {isa = PBXBuildFile; fileRef = 7535C56C2966C45A0026EEDC /* ApiManager.swift */; };
		7535C56F2966C7420026EEDC /* Constant.swift in Sources */ = {isa = PBXBuildFile; fileRef = 7535C56E2966C7420026EEDC /* Constant.swift */; };
		754254702969BCE000F11AF4 /* ProductsViewModel.swift in Sources */ = {isa = PBXBuildFile; fileRef = 7542546F2969BCE000F11AF4 /* ProductsViewModel.swift */; };
/* End PBXBuildFile section */

/* Begin PBXContainerItemProxy section */
		7535C5452966C0B70026EEDC /* PBXContainerItemProxy */ = {
			isa = PBXContainerItemProxy;
			containerPortal = 7535C5262966C0B50026EEDC /* Project object */;
			proxyType = 1;
			remoteGlobalIDString = 7535C52D2966C0B50026EEDC;
			remoteInfo = ecomerceDummy;
		};
		7535C54F2966C0B70026EEDC /* PBXContainerItemProxy */ = {
			isa = PBXContainerItemProxy;
			containerPortal = 7535C5262966C0B50026EEDC /* Project object */;
			proxyType = 1;
			remoteGlobalIDString = 7535C52D2966C0B50026EEDC;
			remoteInfo = ecomerceDummy;
		};
/* End PBXContainerItemProxy section */

/* Begin PBXFileReference section */
		7535C52E2966C0B50026EEDC /* ecomerceDummy.app */ = {isa = PBXFileReference; explicitFileType = wrapper.application; includeInIndex = 0; path = ecomerceDummy.app; sourceTree = BUILT_PRODUCTS_DIR; };
		7535C5312966C0B60026EEDC /* AppDelegate.swift */ = {isa = PBXFileReference; lastKnownFileType = sourcecode.swift; path = AppDelegate.swift; sourceTree = "<group>"; };
		7535C5332966C0B60026EEDC /* SceneDelegate.swift */ = {isa = PBXFileReference; lastKnownFileType = sourcecode.swift; path = SceneDelegate.swift; sourceTree = "<group>"; };
		7535C5352966C0B60026EEDC /* ProductListViewController.swift */ = {isa = PBXFileReference; lastKnownFileType = sourcecode.swift; path = ProductListViewController.swift; sourceTree = "<group>"; };
		7535C53A2966C0B70026EEDC /* Assets.xcassets */ = {isa = PBXFileReference; lastKnownFileType = folder.assetcatalog; path = Assets.xcassets; sourceTree = "<group>"; };
		7535C53D2966C0B70026EEDC /* Base */ = {isa = PBXFileReference; lastKnownFileType = file.storyboard; name = Base; path = Base.lproj/LaunchScreen.storyboard; sourceTree = "<group>"; };
		7535C53F2966C0B70026EEDC /* Info.plist */ = {isa = PBXFileReference; lastKnownFileType = text.plist.xml; path = Info.plist; sourceTree = "<group>"; };
		7535C5442966C0B70026EEDC /* ecomerceDummyTests.xctest */ = {isa = PBXFileReference; explicitFileType = wrapper.cfbundle; includeInIndex = 0; path = ecomerceDummyTests.xctest; sourceTree = BUILT_PRODUCTS_DIR; };
		7535C5482966C0B70026EEDC /* ecomerceDummyTests.swift */ = {isa = PBXFileReference; lastKnownFileType = sourcecode.swift; path = ecomerceDummyTests.swift; sourceTree = "<group>"; };
		7535C54E2966C0B70026EEDC /* ecomerceDummyUITests.xctest */ = {isa = PBXFileReference; explicitFileType = wrapper.cfbundle; includeInIndex = 0; path = ecomerceDummyUITests.xctest; sourceTree = BUILT_PRODUCTS_DIR; };
		7535C5522966C0B70026EEDC /* ecomerceDummyUITests.swift */ = {isa = PBXFileReference; lastKnownFileType = sourcecode.swift; path = ecomerceDummyUITests.swift; sourceTree = "<group>"; };
		7535C5542966C0B70026EEDC /* ecomerceDummyUITestsLaunchTests.swift */ = {isa = PBXFileReference; lastKnownFileType = sourcecode.swift; path = ecomerceDummyUITestsLaunchTests.swift; sourceTree = "<group>"; };
		7535C56A2966C3AC0026EEDC /* ProductModel.swift */ = {isa = PBXFileReference; lastKnownFileType = sourcecode.swift; path = ProductModel.swift; sourceTree = "<group>"; };
		7535C56C2966C45A0026EEDC /* ApiManager.swift */ = {isa = PBXFileReference; lastKnownFileType = sourcecode.swift; path = ApiManager.swift; sourceTree = "<group>"; };
		7535C56E2966C7420026EEDC /* Constant.swift */ = {isa = PBXFileReference; lastKnownFileType = sourcecode.swift; path = Constant.swift; sourceTree = "<group>"; };
		7542546F2969BCE000F11AF4 /* ProductsViewModel.swift */ = {isa = PBXFileReference; lastKnownFileType = sourcecode.swift; path = ProductsViewModel.swift; sourceTree = "<group>"; };
/* End PBXFileReference section */

/* Begin PBXFrameworksBuildPhase section */
		7535C52B2966C0B50026EEDC /* Frameworks */ = {
			isa = PBXFrameworksBuildPhase;
			buildActionMask = 2147483647;
			files = (
			);
			runOnlyForDeploymentPostprocessing = 0;
		};
		7535C5412966C0B70026EEDC /* Frameworks */ = {
			isa = PBXFrameworksBuildPhase;
			buildActionMask = 2147483647;
			files = (
			);
			runOnlyForDeploymentPostprocessing = 0;
		};
		7535C54B2966C0B70026EEDC /* Frameworks */ = {
			isa = PBXFrameworksBuildPhase;
			buildActionMask = 2147483647;
			files = (
			);
			runOnlyForDeploymentPostprocessing = 0;
		};
/* End PBXFrameworksBuildPhase section */

/* Begin PBXGroup section */
		7535C5252966C0B50026EEDC = {
			isa = PBXGroup;
			children = (
				7535C5302966C0B50026EEDC /* ecomerceDummy */,
				7535C5472966C0B70026EEDC /* ecomerceDummyTests */,
				7535C5512966C0B70026EEDC /* ecomerceDummyUITests */,
				7535C52F2966C0B50026EEDC /* Products */,
			);
			sourceTree = "<group>";
		};
		7535C52F2966C0B50026EEDC /* Products */ = {
			isa = PBXGroup;
			children = (
				7535C52E2966C0B50026EEDC /* ecomerceDummy.app */,
				7535C5442966C0B70026EEDC /* ecomerceDummyTests.xctest */,
				7535C54E2966C0B70026EEDC /* ecomerceDummyUITests.xctest */,
			);
			name = Products;
			sourceTree = "<group>";
		};
		7535C5302966C0B50026EEDC /* ecomerceDummy */ = {
			isa = PBXGroup;
			children = (
				7535C5612966C2D40026EEDC /* Application */,
				7535C5622966C2DE0026EEDC /* Constant */,
				7535C5632966C2EB0026EEDC /* Extensions */,
				7535C5642966C2FB0026EEDC /* Helper */,
				7535C5652966C3040026EEDC /* Screens */,
				7535C5312966C0B60026EEDC /* AppDelegate.swift */,
				7535C5332966C0B60026EEDC /* SceneDelegate.swift */,
				7535C53A2966C0B70026EEDC /* Assets.xcassets */,
				7535C53C2966C0B70026EEDC /* LaunchScreen.storyboard */,
				7535C53F2966C0B70026EEDC /* Info.plist */,
			);
			path = ecomerceDummy;
			sourceTree = "<group>";
		};
		7535C5472966C0B70026EEDC /* ecomerceDummyTests */ = {
			isa = PBXGroup;
			children = (
				7535C5482966C0B70026EEDC /* ecomerceDummyTests.swift */,
			);
			path = ecomerceDummyTests;
			sourceTree = "<group>";
		};
		7535C5512966C0B70026EEDC /* ecomerceDummyUITests */ = {
			isa = PBXGroup;
			children = (
				7535C5522966C0B70026EEDC /* ecomerceDummyUITests.swift */,
				7535C5542966C0B70026EEDC /* ecomerceDummyUITestsLaunchTests.swift */,
			);
			path = ecomerceDummyUITests;
			sourceTree = "<group>";
		};
		7535C5612966C2D40026EEDC /* Application */ = {
			isa = PBXGroup;
			children = (
			);
			path = Application;
			sourceTree = "<group>";
		};
		7535C5622966C2DE0026EEDC /* Constant */ = {
			isa = PBXGroup;
			children = (
				7535C56E2966C7420026EEDC /* Constant.swift */,
			);
			path = Constant;
			sourceTree = "<group>";
		};
		7535C5632966C2EB0026EEDC /* Extensions */ = {
			isa = PBXGroup;
			children = (
			);
			path = Extensions;
			sourceTree = "<group>";
		};
		7535C5642966C2FB0026EEDC /* Helper */ = {
			isa = PBXGroup;
			children = (
				7535C56C2966C45A0026EEDC /* ApiManager.swift */,
			);
			path = Helper;
			sourceTree = "<group>";
		};
		7535C5652966C3040026EEDC /* Screens */ = {
			isa = PBXGroup;
			children = (
				7535C5662966C3340026EEDC /* Product */,
			);
			path = Screens;
			sourceTree = "<group>";
		};
		7535C5662966C3340026EEDC /* Product */ = {
			isa = PBXGroup;
			children = (
				7535C5672966C3400026EEDC /* Model */,
				7535C5682966C3480026EEDC /* View */,
				7535C5692966C3520026EEDC /* ViewModel */,
			);
			path = Product;
			sourceTree = "<group>";
		};
		7535C5672966C3400026EEDC /* Model */ = {
			isa = PBXGroup;
			children = (
				7535C56A2966C3AC0026EEDC /* ProductModel.swift */,
			);
			path = Model;
			sourceTree = "<group>";
		};
		7535C5682966C3480026EEDC /* View */ = {
			isa = PBXGroup;
			children = (
				7535C5352966C0B60026EEDC /* ProductListViewController.swift */,
			);
			path = View;
			sourceTree = "<group>";
		};
		7535C5692966C3520026EEDC /* ViewModel */ = {
			isa = PBXGroup;
			children = (
				7542546F2969BCE000F11AF4 /* ProductsViewModel.swift */,
			);
			path = ViewModel;
			sourceTree = "<group>";
		};
/* End PBXGroup section */

/* Begin PBXNativeTarget section */
		7535C52D2966C0B50026EEDC /* ecomerceDummy */ = {
			isa = PBXNativeTarget;
			buildConfigurationList = 7535C5582966C0B70026EEDC /* Build configuration list for PBXNativeTarget "ecomerceDummy" */;
			buildPhases = (
				7535C52A2966C0B50026EEDC /* Sources */,
				7535C52B2966C0B50026EEDC /* Frameworks */,
				7535C52C2966C0B50026EEDC /* Resources */,
			);
			buildRules = (
			);
			dependencies = (
			);
			name = ecomerceDummy;
			productName = ecomerceDummy;
			productReference = 7535C52E2966C0B50026EEDC /* ecomerceDummy.app */;
			productType = "com.apple.product-type.application";
		};
		7535C5432966C0B70026EEDC /* ecomerceDummyTests */ = {
			isa = PBXNativeTarget;
			buildConfigurationList = 7535C55B2966C0B70026EEDC /* Build configuration list for PBXNativeTarget "ecomerceDummyTests" */;
			buildPhases = (
				7535C5402966C0B70026EEDC /* Sources */,
				7535C5412966C0B70026EEDC /* Frameworks */,
				7535C5422966C0B70026EEDC /* Resources */,
			);
			buildRules = (
			);
			dependencies = (
				7535C5462966C0B70026EEDC /* PBXTargetDependency */,
			);
			name = ecomerceDummyTests;
			productName = ecomerceDummyTests;
			productReference = 7535C5442966C0B70026EEDC /* ecomerceDummyTests.xctest */;
			productType = "com.apple.product-type.bundle.unit-test";
		};
		7535C54D2966C0B70026EEDC /* ecomerceDummyUITests */ = {
			isa = PBXNativeTarget;
			buildConfigurationList = 7535C55E2966C0B70026EEDC /* Build configuration list for PBXNativeTarget "ecomerceDummyUITests" */;
			buildPhases = (
				7535C54A2966C0B70026EEDC /* Sources */,
				7535C54B2966C0B70026EEDC /* Frameworks */,
				7535C54C2966C0B70026EEDC /* Resources */,
			);
			buildRules = (
			);
			dependencies = (
				7535C5502966C0B70026EEDC /* PBXTargetDependency */,
			);
			name = ecomerceDummyUITests;
			productName = ecomerceDummyUITests;
			productReference = 7535C54E2966C0B70026EEDC /* ecomerceDummyUITests.xctest */;
			productType = "com.apple.product-type.bundle.ui-testing";
		};
/* End PBXNativeTarget section */

/* Begin PBXProject section */
		7535C5262966C0B50026EEDC /* Project object */ = {
			isa = PBXProject;
			attributes = {
				BuildIndependentTargetsInParallel = 1;
				LastSwiftUpdateCheck = 1420;
				LastUpgradeCheck = 1420;
				TargetAttributes = {
					7535C52D2966C0B50026EEDC = {
						CreatedOnToolsVersion = 14.2;
					};
					7535C5432966C0B70026EEDC = {
						CreatedOnToolsVersion = 14.2;
						TestTargetID = 7535C52D2966C0B50026EEDC;
					};
					7535C54D2966C0B70026EEDC = {
						CreatedOnToolsVersion = 14.2;
						TestTargetID = 7535C52D2966C0B50026EEDC;
					};
				};
			};
			buildConfigurationList = 7535C5292966C0B50026EEDC /* Build configuration list for PBXProject "ecomerceDummy" */;
			compatibilityVersion = "Xcode 14.0";
			developmentRegion = en;
			hasScannedForEncodings = 0;
			knownRegions = (
				en,
				Base,
			);
			mainGroup = 7535C5252966C0B50026EEDC;
			productRefGroup = 7535C52F2966C0B50026EEDC /* Products */;
			projectDirPath = "";
			projectRoot = "";
			targets = (
				7535C52D2966C0B50026EEDC /* ecomerceDummy */,
				7535C5432966C0B70026EEDC /* ecomerceDummyTests */,
				7535C54D2966C0B70026EEDC /* ecomerceDummyUITests */,
			);
		};
/* End PBXProject section */

/* Begin PBXResourcesBuildPhase section */
		7535C52C2966C0B50026EEDC /* Resources */ = {
			isa = PBXResourcesBuildPhase;
			buildActionMask = 2147483647;
			files = (
				7535C53E2966C0B70026EEDC /* LaunchScreen.storyboard in Resources */,
				7535C53B2966C0B70026EEDC /* Assets.xcassets in Resources */,
			);
			runOnlyForDeploymentPostprocessing = 0;
		};
		7535C5422966C0B70026EEDC /* Resources */ = {
			isa = PBXResourcesBuildPhase;
			buildActionMask = 2147483647;
			files = (
			);
			runOnlyForDeploymentPostprocessing = 0;
		};
		7535C54C2966C0B70026EEDC /* Resources */ = {
			isa = PBXResourcesBuildPhase;
			buildActionMask = 2147483647;
			files = (
			);
			runOnlyForDeploymentPostprocessing = 0;
		};
/* End PBXResourcesBuildPhase section */

/* Begin PBXSourcesBuildPhase section */
		7535C52A2966C0B50026EEDC /* Sources */ = {
			isa = PBXSourcesBuildPhase;
			buildActionMask = 2147483647;
			files = (
				7535C5362966C0B60026EEDC /* ProductListViewController.swift in Sources */,
				7535C5322966C0B60026EEDC /* AppDelegate.swift in Sources */,
				754254702969BCE000F11AF4 /* ProductsViewModel.swift in Sources */,
				7535C56D2966C45A0026EEDC /* ApiManager.swift in Sources */,
				7535C5342966C0B60026EEDC /* SceneDelegate.swift in Sources */,
				7535C56B2966C3AC0026EEDC /* ProductModel.swift in Sources */,
				7535C56F2966C7420026EEDC /* Constant.swift in Sources */,
			);
			runOnlyForDeploymentPostprocessing = 0;
		};
		7535C5402966C0B70026EEDC /* Sources */ = {
			isa = PBXSourcesBuildPhase;
			buildActionMask = 2147483647;
			files = (
				7535C5492966C0B70026EEDC /* ecomerceDummyTests.swift in Sources */,
			);
			runOnlyForDeploymentPostprocessing = 0;
		};
		7535C54A2966C0B70026EEDC /* Sources */ = {
			isa = PBXSourcesBuildPhase;
			buildActionMask = 2147483647;
			files = (
				7535C5552966C0B70026EEDC /* ecomerceDummyUITestsLaunchTests.swift in Sources */,
				7535C5532966C0B70026EEDC /* ecomerceDummyUITests.swift in Sources */,
			);
			runOnlyForDeploymentPostprocessing = 0;
		};
/* End PBXSourcesBuildPhase section */

/* Begin PBXTargetDependency section */
		7535C5462966C0B70026EEDC /* PBXTargetDependency */ = {
			isa = PBXTargetDependency;
			target = 7535C52D2966C0B50026EEDC /* ecomerceDummy */;
			targetProxy = 7535C5452966C0B70026EEDC /* PBXContainerItemProxy */;
		};
		7535C5502966C0B70026EEDC /* PBXTargetDependency */ = {
			isa = PBXTargetDependency;
			target = 7535C52D2966C0B50026EEDC /* ecomerceDummy */;
			targetProxy = 7535C54F2966C0B70026EEDC /* PBXContainerItemProxy */;
		};
/* End PBXTargetDependency section */

/* Begin PBXVariantGroup section */
		7535C53C2966C0B70026EEDC /* LaunchScreen.storyboard */ = {
			isa = PBXVariantGroup;
			children = (
				7535C53D2966C0B70026EEDC /* Base */,
			);
			name = LaunchScreen.storyboard;
			sourceTree = "<group>";
		};
/* End PBXVariantGroup section */

/* Begin XCBuildConfiguration section */
		7535C5562966C0B70026EEDC /* Debug */ = {
			isa = XCBuildConfiguration;
			buildSettings = {
				ALWAYS_SEARCH_USER_PATHS = NO;
				CLANG_ANALYZER_NONNULL = YES;
				CLANG_ANALYZER_NUMBER_OBJECT_CONVERSION = YES_AGGRESSIVE;
				CLANG_CXX_LANGUAGE_STANDARD = "gnu++20";
				CLANG_ENABLE_MODULES = YES;
				CLANG_ENABLE_OBJC_ARC = YES;
				CLANG_ENABLE_OBJC_WEAK = YES;
				CLANG_WARN_BLOCK_CAPTURE_AUTORELEASING = YES;
				CLANG_WARN_BOOL_CONVERSION = YES;
				CLANG_WARN_COMMA = YES;
				CLANG_WARN_CONSTANT_CONVERSION = YES;
				CLANG_WARN_DEPRECATED_OBJC_IMPLEMENTATIONS = YES;
				CLANG_WARN_DIRECT_OBJC_ISA_USAGE = YES_ERROR;
				CLANG_WARN_DOCUMENTATION_COMMENTS = YES;
				CLANG_WARN_EMPTY_BODY = YES;
				CLANG_WARN_ENUM_CONVERSION = YES;
				CLANG_WARN_INFINITE_RECURSION = YES;
				CLANG_WARN_INT_CONVERSION = YES;
				CLANG_WARN_NON_LITERAL_NULL_CONVERSION = YES;
				CLANG_WARN_OBJC_IMPLICIT_RETAIN_SELF = YES;
				CLANG_WARN_OBJC_LITERAL_CONVERSION = YES;
				CLANG_WARN_OBJC_ROOT_CLASS = YES_ERROR;
				CLANG_WARN_QUOTED_INCLUDE_IN_FRAMEWORK_HEADER = YES;
				CLANG_WARN_RANGE_LOOP_ANALYSIS = YES;
				CLANG_WARN_STRICT_PROTOTYPES = YES;
				CLANG_WARN_SUSPICIOUS_MOVE = YES;
				CLANG_WARN_UNGUARDED_AVAILABILITY = YES_AGGRESSIVE;
				CLANG_WARN_UNREACHABLE_CODE = YES;
				CLANG_WARN__DUPLICATE_METHOD_MATCH = YES;
				COPY_PHASE_STRIP = NO;
				DEBUG_INFORMATION_FORMAT = dwarf;
				ENABLE_STRICT_OBJC_MSGSEND = YES;
				ENABLE_TESTABILITY = YES;
				GCC_C_LANGUAGE_STANDARD = gnu11;
				GCC_DYNAMIC_NO_PIC = NO;
				GCC_NO_COMMON_BLOCKS = YES;
				GCC_OPTIMIZATION_LEVEL = 0;
				GCC_PREPROCESSOR_DEFINITIONS = (
					"DEBUG=1",
					"$(inherited)",
				);
				GCC_WARN_64_TO_32_BIT_CONVERSION = YES;
				GCC_WARN_ABOUT_RETURN_TYPE = YES_ERROR;
				GCC_WARN_UNDECLARED_SELECTOR = YES;
				GCC_WARN_UNINITIALIZED_AUTOS = YES_AGGRESSIVE;
				GCC_WARN_UNUSED_FUNCTION = YES;
				GCC_WARN_UNUSED_VARIABLE = YES;
				IPHONEOS_DEPLOYMENT_TARGET = 16.2;
				MTL_ENABLE_DEBUG_INFO = INCLUDE_SOURCE;
				MTL_FAST_MATH = YES;
				ONLY_ACTIVE_ARCH = YES;
				SDKROOT = iphoneos;
				SWIFT_ACTIVE_COMPILATION_CONDITIONS = DEBUG;
				SWIFT_OPTIMIZATION_LEVEL = "-Onone";
			};
			name = Debug;
		};
		7535C5572966C0B70026EEDC /* Release */ = {
			isa = XCBuildConfiguration;
			buildSettings = {
				ALWAYS_SEARCH_USER_PATHS = NO;
				CLANG_ANALYZER_NONNULL = YES;
				CLANG_ANALYZER_NUMBER_OBJECT_CONVERSION = YES_AGGRESSIVE;
				CLANG_CXX_LANGUAGE_STANDARD = "gnu++20";
				CLANG_ENABLE_MODULES = YES;
				CLANG_ENABLE_OBJC_ARC = YES;
				CLANG_ENABLE_OBJC_WEAK = YES;
				CLANG_WARN_BLOCK_CAPTURE_AUTORELEASING = YES;
				CLANG_WARN_BOOL_CONVERSION = YES;
				CLANG_WARN_COMMA = YES;
				CLANG_WARN_CONSTANT_CONVERSION = YES;
				CLANG_WARN_DEPRECATED_OBJC_IMPLEMENTATIONS = YES;
				CLANG_WARN_DIRECT_OBJC_ISA_USAGE = YES_ERROR;
				CLANG_WARN_DOCUMENTATION_COMMENTS = YES;
				CLANG_WARN_EMPTY_BODY = YES;
				CLANG_WARN_ENUM_CONVERSION = YES;
				CLANG_WARN_INFINITE_RECURSION = YES;
				CLANG_WARN_INT_CONVERSION = YES;
				CLANG_WARN_NON_LITERAL_NULL_CONVERSION = YES;
				CLANG_WARN_OBJC_IMPLICIT_RETAIN_SELF = YES;
				CLANG_WARN_OBJC_LITERAL_CONVERSION = YES;
				CLANG_WARN_OBJC_ROOT_CLASS = YES_ERROR;
				CLANG_WARN_QUOTED_INCLUDE_IN_FRAMEWORK_HEADER = YES;
				CLANG_WARN_RANGE_LOOP_ANALYSIS = YES;
				CLANG_WARN_STRICT_PROTOTYPES = YES;
				CLANG_WARN_SUSPICIOUS_MOVE = YES;
				CLANG_WARN_UNGUARDED_AVAILABILITY = YES_AGGRESSIVE;
				CLANG_WARN_UNREACHABLE_CODE = YES;
				CLANG_WARN__DUPLICATE_METHOD_MATCH = YES;
				COPY_PHASE_STRIP = NO;
				DEBUG_INFORMATION_FORMAT = "dwarf-with-dsym";
				ENABLE_NS_ASSERTIONS = NO;
				ENABLE_STRICT_OBJC_MSGSEND = YES;
				GCC_C_LANGUAGE_STANDARD = gnu11;
				GCC_NO_COMMON_BLOCKS = YES;
				GCC_WARN_64_TO_32_BIT_CONVERSION = YES;
				GCC_WARN_ABOUT_RETURN_TYPE = YES_ERROR;
				GCC_WARN_UNDECLARED_SELECTOR = YES;
				GCC_WARN_UNINITIALIZED_AUTOS = YES_AGGRESSIVE;
				GCC_WARN_UNUSED_FUNCTION = YES;
				GCC_WARN_UNUSED_VARIABLE = YES;
				IPHONEOS_DEPLOYMENT_TARGET = 16.2;
				MTL_ENABLE_DEBUG_INFO = NO;
				MTL_FAST_MATH = YES;
				SDKROOT = iphoneos;
				SWIFT_COMPILATION_MODE = wholemodule;
				SWIFT_OPTIMIZATION_LEVEL = "-O";
				VALIDATE_PRODUCT = YES;
			};
			name = Release;
		};
		7535C5592966C0B70026EEDC /* Debug */ = {
			isa = XCBuildConfiguration;
			buildSettings = {
				ASSETCATALOG_COMPILER_APPICON_NAME = AppIcon;
				ASSETCATALOG_COMPILER_GLOBAL_ACCENT_COLOR_NAME = AccentColor;
				CODE_SIGN_STYLE = Automatic;
				CURRENT_PROJECT_VERSION = 1;
				DEVELOPMENT_TEAM = 3RZWZW8S4N;
				GENERATE_INFOPLIST_FILE = YES;
				INFOPLIST_FILE = ecomerceDummy/Info.plist;
				INFOPLIST_KEY_UIApplicationSupportsIndirectInputEvents = YES;
				INFOPLIST_KEY_UILaunchStoryboardName = LaunchScreen;
				INFOPLIST_KEY_UISupportedInterfaceOrientations_iPad = "UIInterfaceOrientationPortrait UIInterfaceOrientationPortraitUpsideDown UIInterfaceOrientationLandscapeLeft UIInterfaceOrientationLandscapeRight";
				INFOPLIST_KEY_UISupportedInterfaceOrientations_iPhone = "UIInterfaceOrientationPortrait UIInterfaceOrientationLandscapeLeft UIInterfaceOrientationLandscapeRight";
				LD_RUNPATH_SEARCH_PATHS = (
					"$(inherited)",
					"@executable_path/Frameworks",
				);
				MARKETING_VERSION = 1.0;
				PRODUCT_BUNDLE_IDENTIFIER = com.prakaship78.ecomerceDummy;
				PRODUCT_NAME = "$(TARGET_NAME)";
				SWIFT_EMIT_LOC_STRINGS = YES;
				SWIFT_VERSION = 5.0;
				TARGETED_DEVICE_FAMILY = "1,2";
			};
			name = Debug;
		};
		7535C55A2966C0B70026EEDC /* Release */ = {
			isa = XCBuildConfiguration;
			buildSettings = {
				ASSETCATALOG_COMPILER_APPICON_NAME = AppIcon;
				ASSETCATALOG_COMPILER_GLOBAL_ACCENT_COLOR_NAME = AccentColor;
				CODE_SIGN_STYLE = Automatic;
				CURRENT_PROJECT_VERSION = 1;
				DEVELOPMENT_TEAM = 3RZWZW8S4N;
				GENERATE_INFOPLIST_FILE = YES;
				INFOPLIST_FILE = ecomerceDummy/Info.plist;
				INFOPLIST_KEY_UIApplicationSupportsIndirectInputEvents = YES;
				INFOPLIST_KEY_UILaunchStoryboardName = LaunchScreen;
				INFOPLIST_KEY_UISupportedInterfaceOrientations_iPad = "UIInterfaceOrientationPortrait UIInterfaceOrientationPortraitUpsideDown UIInterfaceOrientationLandscapeLeft UIInterfaceOrientationLandscapeRight";
				INFOPLIST_KEY_UISupportedInterfaceOrientations_iPhone = "UIInterfaceOrientationPortrait UIInterfaceOrientationLandscapeLeft UIInterfaceOrientationLandscapeRight";
				LD_RUNPATH_SEARCH_PATHS = (
					"$(inherited)",
					"@executable_path/Frameworks",
				);
				MARKETING_VERSION = 1.0;
				PRODUCT_BUNDLE_IDENTIFIER = com.prakaship78.ecomerceDummy;
				PRODUCT_NAME = "$(TARGET_NAME)";
				SWIFT_EMIT_LOC_STRINGS = YES;
				SWIFT_VERSION = 5.0;
				TARGETED_DEVICE_FAMILY = "1,2";
			};
			name = Release;
		};
		7535C55C2966C0B70026EEDC /* Debug */ = {
			isa = XCBuildConfiguration;
			buildSettings = {
				ALWAYS_EMBED_SWIFT_STANDARD_LIBRARIES = YES;
				BUNDLE_LOADER = "$(TEST_HOST)";
				CODE_SIGN_STYLE = Automatic;
				CURRENT_PROJECT_VERSION = 1;
				DEVELOPMENT_TEAM = 3RZWZW8S4N;
				GENERATE_INFOPLIST_FILE = YES;
				IPHONEOS_DEPLOYMENT_TARGET = 16.2;
				MARKETING_VERSION = 1.0;
				PRODUCT_BUNDLE_IDENTIFIER = com.prakaship78.ecomerceDummyTests;
				PRODUCT_NAME = "$(TARGET_NAME)";
				SWIFT_EMIT_LOC_STRINGS = NO;
				SWIFT_VERSION = 5.0;
				TARGETED_DEVICE_FAMILY = "1,2";
				TEST_HOST = "$(BUILT_PRODUCTS_DIR)/ecomerceDummy.app/$(BUNDLE_EXECUTABLE_FOLDER_PATH)/ecomerceDummy";
			};
			name = Debug;
		};
		7535C55D2966C0B70026EEDC /* Release */ = {
			isa = XCBuildConfiguration;
			buildSettings = {
				ALWAYS_EMBED_SWIFT_STANDARD_LIBRARIES = YES;
				BUNDLE_LOADER = "$(TEST_HOST)";
				CODE_SIGN_STYLE = Automatic;
				CURRENT_PROJECT_VERSION = 1;
				DEVELOPMENT_TEAM = 3RZWZW8S4N;
				GENERATE_INFOPLIST_FILE = YES;
				IPHONEOS_DEPLOYMENT_TARGET = 16.2;
				MARKETING_VERSION = 1.0;
				PRODUCT_BUNDLE_IDENTIFIER = com.prakaship78.ecomerceDummyTests;
				PRODUCT_NAME = "$(TARGET_NAME)";
				SWIFT_EMIT_LOC_STRINGS = NO;
				SWIFT_VERSION = 5.0;
				TARGETED_DEVICE_FAMILY = "1,2";
				TEST_HOST = "$(BUILT_PRODUCTS_DIR)/ecomerceDummy.app/$(BUNDLE_EXECUTABLE_FOLDER_PATH)/ecomerceDummy";
			};
			name = Release;
		};
		7535C55F2966C0B70026EEDC /* Debug */ = {
			isa = XCBuildConfiguration;
			buildSettings = {
				ALWAYS_EMBED_SWIFT_STANDARD_LIBRARIES = YES;
				CODE_SIGN_STYLE = Automatic;
				CURRENT_PROJECT_VERSION = 1;
				DEVELOPMENT_TEAM = 3RZWZW8S4N;
				GENERATE_INFOPLIST_FILE = YES;
				MARKETING_VERSION = 1.0;
				PRODUCT_BUNDLE_IDENTIFIER = com.prakaship78.ecomerceDummyUITests;
				PRODUCT_NAME = "$(TARGET_NAME)";
				SWIFT_EMIT_LOC_STRINGS = NO;
				SWIFT_VERSION = 5.0;
				TARGETED_DEVICE_FAMILY = "1,2";
				TEST_TARGET_NAME = ecomerceDummy;
			};
			name = Debug;
		};
		7535C5602966C0B70026EEDC /* Release */ = {
			isa = XCBuildConfiguration;
			buildSettings = {
				ALWAYS_EMBED_SWIFT_STANDARD_LIBRARIES = YES;
				CODE_SIGN_STYLE = Automatic;
				CURRENT_PROJECT_VERSION = 1;
				DEVELOPMENT_TEAM = 3RZWZW8S4N;
				GENERATE_INFOPLIST_FILE = YES;
				MARKETING_VERSION = 1.0;
				PRODUCT_BUNDLE_IDENTIFIER = com.prakaship78.ecomerceDummyUITests;
				PRODUCT_NAME = "$(TARGET_NAME)";
				SWIFT_EMIT_LOC_STRINGS = NO;
				SWIFT_VERSION = 5.0;
				TARGETED_DEVICE_FAMILY = "1,2";
				TEST_TARGET_NAME = ecomerceDummy;
			};
			name = Release;
		};
/* End XCBuildConfiguration section */

/* Begin XCConfigurationList section */
		7535C5292966C0B50026EEDC /* Build configuration list for PBXProject "ecomerceDummy" */ = {
			isa = XCConfigurationList;
			buildConfigurations = (
				7535C5562966C0B70026EEDC /* Debug */,
				7535C5572966C0B70026EEDC /* Release */,
			);
			defaultConfigurationIsVisible = 0;
			defaultConfigurationName = Release;
		};
		7535C5582966C0B70026EEDC /* Build configuration list for PBXNativeTarget "ecomerceDummy" */ = {
			isa = XCConfigurationList;
			buildConfigurations = (
				7535C5592966C0B70026EEDC /* Debug */,
				7535C55A2966C0B70026EEDC /* Release */,
			);
			defaultConfigurationIsVisible = 0;
			defaultConfigurationName = Release;
		};
		7535C55B2966C0B70026EEDC /* Build configuration list for PBXNativeTarget "ecomerceDummyTests" */ = {
			isa = XCConfigurationList;
			buildConfigurations = (
				7535C55C2966C0B70026EEDC /* Debug */,
				7535C55D2966C0B70026EEDC /* Release */,
			);
			defaultConfigurationIsVisible = 0;
			defaultConfigurationName = Release;
		};
		7535C55E2966C0B70026EEDC /* Build configuration list for PBXNativeTarget "ecomerceDummyUITests" */ = {
			isa = XCConfigurationList;
			buildConfigurations = (
				7535C55F2966C0B70026EEDC /* Debug */,
				7535C5602966C0B70026EEDC /* Release */,
			);
			defaultConfigurationIsVisible = 0;
			defaultConfigurationName = Release;
		};
/* End XCConfigurationList section */
	};
	rootObject = 7535C5262966C0B50026EEDC /* Project object */;
}
